
Microsoft Visual Studio Solution File, Format Version 12.00
# Visual Studio Version 16
VisualStudioVersion = 16.0.31025.218
MinimumVisualStudioVersion = 10.0.40219.1
Project("{2150E333-8FDC-42A3-9474-1A3956D46DE8}") = "src", "src", "{C4D1FB79-FABC-459D-8489-B8E2C233BBA8}"
EndProject
Project("{2150E333-8FDC-42A3-9474-1A3956D46DE8}") = "tests", "tests", "{B9065D9B-F423-4B98-9E6A-819F41C01604}"
EndProject
Project("{FAE04EC0-301F-11D3-BF4B-00C04F79EFBC}") = "StockDashboard.Application", "src\StockDashboard.Application\StockDashboard.Application.csproj", "{AE78F618-E3AD-411D-94C3-3C8A4F26595E}"
EndProject
Project("{FAE04EC0-301F-11D3-BF4B-00C04F79EFBC}") = "StockDashboard.Domain", "src\StockDashboard.Domain\StockDashboard.Domain.csproj", "{2360911B-2B06-4F6E-88A2-66AB7AB8AEF8}"
EndProject
Project("{FAE04EC0-301F-11D3-BF4B-00C04F79EFBC}") = "StockDashboard.Infrastructure", "src\StockDashboard.Infrastructure\StockDashboard.Infrastructure.csproj", "{02068A85-97BF-4D05-A046-310CDCA4BB4A}"
EndProject
Project("{FAE04EC0-301F-11D3-BF4B-00C04F79EFBC}") = "StockDashboard.WebApi", "src\StockDashboard.WebApi\StockDashboard.WebApi.csproj", "{69FC2B15-9DA1-40B3-BBCB-5EBA4CFA8479}"
EndProject
Project("{2150E333-8FDC-42A3-9474-1A3956D46DE8}") = "Solution Items", "Solution Items", "{CFA7D40C-70AD-4141-8C2B-9F498D2934F9}"
	ProjectSection(SolutionItems) = preProject
		.dockerignore = .dockerignore
		.gitignore = .gitignore
		LICENSE = LICENSE
		README.md = README.md
	EndProjectSection
EndProject
Project("{FAE04EC0-301F-11D3-BF4B-00C04F79EFBC}") = "StockDashboard.ApplicationTests", "tests\StockDashboard.ApplicationTests\StockDashboard.ApplicationTests.csproj", "{060A3157-E2AA-4301-9DE2-EE7572CDD12E}"
EndProject
Project("{FAE04EC0-301F-11D3-BF4B-00C04F79EFBC}") = "StockDashboard.InfrastructureTests", "tests\StockDashboard.InfrastructureTests\StockDashboard.InfrastructureTests.csproj", "{F32BD1BD-E53F-43E5-84DB-D46FB1CF0068}"
EndProject
Global
	GlobalSection(SolutionConfigurationPlatforms) = preSolution
		Debug|Any CPU = Debug|Any CPU
		Release|Any CPU = Release|Any CPU
	EndGlobalSection
	GlobalSection(ProjectConfigurationPlatforms) = postSolution
		{AE78F618-E3AD-411D-94C3-3C8A4F26595E}.Debug|Any CPU.ActiveCfg = Debug|Any CPU
		{AE78F618-E3AD-411D-94C3-3C8A4F26595E}.Debug|Any CPU.Build.0 = Debug|Any CPU
		{AE78F618-E3AD-411D-94C3-3C8A4F26595E}.Release|Any CPU.ActiveCfg = Release|Any CPU
		{AE78F618-E3AD-411D-94C3-3C8A4F26595E}.Release|Any CPU.Build.0 = Release|Any CPU
		{2360911B-2B06-4F6E-88A2-66AB7AB8AEF8}.Debug|Any CPU.ActiveCfg = Debug|Any CPU
		{2360911B-2B06-4F6E-88A2-66AB7AB8AEF8}.Debug|Any CPU.Build.0 = Debug|Any CPU
		{2360911B-2B06-4F6E-88A2-66AB7AB8AEF8}.Release|Any CPU.ActiveCfg = Release|Any CPU
		{2360911B-2B06-4F6E-88A2-66AB7AB8AEF8}.Release|Any CPU.Build.0 = Release|Any CPU
		{02068A85-97BF-4D05-A046-310CDCA4BB4A}.Debug|Any CPU.ActiveCfg = Debug|Any CPU
		{02068A85-97BF-4D05-A046-310CDCA4BB4A}.Debug|Any CPU.Build.0 = Debug|Any CPU
		{02068A85-97BF-4D05-A046-310CDCA4BB4A}.Release|Any CPU.ActiveCfg = Release|Any CPU
		{02068A85-97BF-4D05-A046-310CDCA4BB4A}.Release|Any CPU.Build.0 = Release|Any CPU
		{69FC2B15-9DA1-40B3-BBCB-5EBA4CFA8479}.Debug|Any CPU.ActiveCfg = Debug|Any CPU
		{69FC2B15-9DA1-40B3-BBCB-5EBA4CFA8479}.Debug|Any CPU.Build.0 = Debug|Any CPU
		{69FC2B15-9DA1-40B3-BBCB-5EBA4CFA8479}.Release|Any CPU.ActiveCfg = Release|Any CPU
		{69FC2B15-9DA1-40B3-BBCB-5EBA4CFA8479}.Release|Any CPU.Build.0 = Release|Any CPU
		{060A3157-E2AA-4301-9DE2-EE7572CDD12E}.Debug|Any CPU.ActiveCfg = Debug|Any CPU
		{060A3157-E2AA-4301-9DE2-EE7572CDD12E}.Debug|Any CPU.Build.0 = Debug|Any CPU
		{060A3157-E2AA-4301-9DE2-EE7572CDD12E}.Release|Any CPU.ActiveCfg = Release|Any CPU
		{060A3157-E2AA-4301-9DE2-EE7572CDD12E}.Release|Any CPU.Build.0 = Release|Any CPU
		{F32BD1BD-E53F-43E5-84DB-D46FB1CF0068}.Debug|Any CPU.ActiveCfg = Debug|Any CPU
		{F32BD1BD-E53F-43E5-84DB-D46FB1CF0068}.Debug|Any CPU.Build.0 = Debug|Any CPU
		{F32BD1BD-E53F-43E5-84DB-D46FB1CF0068}.Release|Any CPU.ActiveCfg = Release|Any CPU
		{F32BD1BD-E53F-43E5-84DB-D46FB1CF0068}.Release|Any CPU.Build.0 = Release|Any CPU
	EndGlobalSection
	GlobalSection(SolutionProperties) = preSolution
		HideSolutionNode = FALSE
	EndGlobalSection
	GlobalSection(NestedProjects) = preSolution
		{AE78F618-E3AD-411D-94C3-3C8A4F26595E} = {C4D1FB79-FABC-459D-8489-B8E2C233BBA8}
		{2360911B-2B06-4F6E-88A2-66AB7AB8AEF8} = {C4D1FB79-FABC-459D-8489-B8E2C233BBA8}
		{02068A85-97BF-4D05-A046-310CDCA4BB4A} = {C4D1FB79-FABC-459D-8489-B8E2C233BBA8}
		{69FC2B15-9DA1-40B3-BBCB-5EBA4CFA8479} = {C4D1FB79-FABC-459D-8489-B8E2C233BBA8}
		{060A3157-E2AA-4301-9DE2-EE7572CDD12E} = {B9065D9B-F423-4B98-9E6A-819F41C01604}
		{F32BD1BD-E53F-43E5-84DB-D46FB1CF0068} = {B9065D9B-F423-4B98-9E6A-819F41C01604}
	EndGlobalSection
	GlobalSection(ExtensibilityGlobals) = postSolution
		SolutionGuid = {77E69430-E5F7-4687-9AFC-3EF66E25528F}
	EndGlobalSection
EndGlobal
